// !$*UTF8*$!
{
	archiveVersion = 1;
	classes = {
	};
	objectVersion = 46;
	objects = {

/* Begin PBXBuildFile section */
		5E24E61B1E261ED6004DCC18 /* Assets.xcassets in Resources */ = {isa = PBXBuildFile; fileRef = 5E24E61A1E261ED6004DCC18 /* Assets.xcassets */; };
		5E24E61E1E261ED6004DCC18 /* LaunchScreen.storyboard in Resources */ = {isa = PBXBuildFile; fileRef = 5E24E61C1E261ED6004DCC18 /* LaunchScreen.storyboard */; };
		5E24E62E1E261F54004DCC18 /* UIWindow+SAPExtensions.swift in Sources */ = {isa = PBXBuildFile; fileRef = 5E24E6281E261F54004DCC18 /* UIWindow+SAPExtensions.swift */; };
		5E24E62F1E261F54004DCC18 /* SAPAppDelegate.swift in Sources */ = {isa = PBXBuildFile; fileRef = 5E24E6291E261F54004DCC18 /* SAPAppDelegate.swift */; };
		5E24E6361E261F80004DCC18 /* SAPChaptersViewController.swift in Sources */ = {isa = PBXBuildFile; fileRef = 5E24E6341E261F80004DCC18 /* SAPChaptersViewController.swift */; };
		5E24E6371E261F80004DCC18 /* SAPChaptersViewController.xib in Resources */ = {isa = PBXBuildFile; fileRef = 5E24E6351E261F80004DCC18 /* SAPChaptersViewController.xib */; };
		5E24E63D1E26236A004DCC18 /* SAPChaptersViewModel.swift in Sources */ = {isa = PBXBuildFile; fileRef = 5E24E63C1E26236A004DCC18 /* SAPChaptersViewModel.swift */; };
		5E24E6401E262641004DCC18 /* SAPViewModelDelegate.swift in Sources */ = {isa = PBXBuildFile; fileRef = 5E24E63F1E262641004DCC18 /* SAPViewModelDelegate.swift */; };
/* End PBXBuildFile section */

/* Begin PBXFileReference section */
		5E24E6101E261ED6004DCC18 /* FirebaseSwift.app */ = {isa = PBXFileReference; explicitFileType = wrapper.application; includeInIndex = 0; path = FirebaseSwift.app; sourceTree = BUILT_PRODUCTS_DIR; };
		5E24E61A1E261ED6004DCC18 /* Assets.xcassets */ = {isa = PBXFileReference; lastKnownFileType = folder.assetcatalog; path = Assets.xcassets; sourceTree = "<group>"; };
		5E24E61D1E261ED6004DCC18 /* Base */ = {isa = PBXFileReference; lastKnownFileType = file.storyboard; name = Base; path = Base.lproj/LaunchScreen.storyboard; sourceTree = "<group>"; };
		5E24E61F1E261ED6004DCC18 /* Info.plist */ = {isa = PBXFileReference; lastKnownFileType = text.plist.xml; path = Info.plist; sourceTree = "<group>"; };
		5E24E6281E261F54004DCC18 /* UIWindow+SAPExtensions.swift */ = {isa = PBXFileReference; fileEncoding = 4; lastKnownFileType = sourcecode.swift; path = "UIWindow+SAPExtensions.swift"; sourceTree = "<group>"; };
		5E24E6291E261F54004DCC18 /* SAPAppDelegate.swift */ = {isa = PBXFileReference; fileEncoding = 4; lastKnownFileType = sourcecode.swift; path = SAPAppDelegate.swift; sourceTree = "<group>"; };
		5E24E6341E261F80004DCC18 /* SAPChaptersViewController.swift */ = {isa = PBXFileReference; fileEncoding = 4; lastKnownFileType = sourcecode.swift; path = SAPChaptersViewController.swift; sourceTree = "<group>"; };
		5E24E6351E261F80004DCC18 /* SAPChaptersViewController.xib */ = {isa = PBXFileReference; fileEncoding = 4; lastKnownFileType = file.xib; path = SAPChaptersViewController.xib; sourceTree = "<group>"; };
		5E24E63C1E26236A004DCC18 /* SAPChaptersViewModel.swift */ = {isa = PBXFileReference; fileEncoding = 4; lastKnownFileType = sourcecode.swift; path = SAPChaptersViewModel.swift; sourceTree = "<group>"; };
		5E24E63F1E262641004DCC18 /* SAPViewModelDelegate.swift */ = {isa = PBXFileReference; fileEncoding = 4; lastKnownFileType = sourcecode.swift; path = SAPViewModelDelegate.swift; sourceTree = "<group>"; };
/* End PBXFileReference section */

/* Begin PBXFrameworksBuildPhase section */
		5E24E60D1E261ED6004DCC18 /* Frameworks */ = {
			isa = PBXFrameworksBuildPhase;
			buildActionMask = 2147483647;
			files = (
			);
			runOnlyForDeploymentPostprocessing = 0;
		};
/* End PBXFrameworksBuildPhase section */

/* Begin PBXGroup section */
		5E24E6071E261ED6004DCC18 = {
			isa = PBXGroup;
			children = (
				5E24E6121E261ED6004DCC18 /* FirebaseSwift */,
				5E24E6251E261F54004DCC18 /* Source */,
				5E24E6111E261ED6004DCC18 /* Products */,
			);
			sourceTree = "<group>";
		};
		5E24E6111E261ED6004DCC18 /* Products */ = {
			isa = PBXGroup;
			children = (
				5E24E6101E261ED6004DCC18 /* FirebaseSwift.app */,
			);
			name = Products;
			sourceTree = "<group>";
		};
		5E24E6121E261ED6004DCC18 /* FirebaseSwift */ = {
			isa = PBXGroup;
			children = (
				5E24E61A1E261ED6004DCC18 /* Assets.xcassets */,
				5E24E61C1E261ED6004DCC18 /* LaunchScreen.storyboard */,
				5E24E61F1E261ED6004DCC18 /* Info.plist */,
			);
			path = FirebaseSwift;
			sourceTree = "<group>";
		};
		5E24E6251E261F54004DCC18 /* Source */ = {
			isa = PBXGroup;
			children = (
				5E24E6291E261F54004DCC18 /* SAPAppDelegate.swift */,
				5E24E6321E261F7F004DCC18 /* UI */,
				5E24E63A1E262348004DCC18 /* Models */,
				5E24E63E1E26262E004DCC18 /* Protocols */,
				5E24E6261E261F54004DCC18 /* Library */,
			);
			path = Source;
			sourceTree = "<group>";
		};
		5E24E6261E261F54004DCC18 /* Library */ = {
			isa = PBXGroup;
			children = (
				5E24E6271E261F54004DCC18 /* Categories */,
			);
			path = Library;
			sourceTree = "<group>";
		};
		5E24E6271E261F54004DCC18 /* Categories */ = {
			isa = PBXGroup;
			children = (
				5E24E6281E261F54004DCC18 /* UIWindow+SAPExtensions.swift */,
			);
			path = Categories;
			sourceTree = "<group>";
		};
		5E24E6321E261F7F004DCC18 /* UI */ = {
			isa = PBXGroup;
			children = (
				5E24E6331E261F80004DCC18 /* SAPChaptersViewController */,
			);
			path = UI;
			sourceTree = "<group>";
		};
		5E24E6331E261F80004DCC18 /* SAPChaptersViewController */ = {
			isa = PBXGroup;
			children = (
				5E24E6341E261F80004DCC18 /* SAPChaptersViewController.swift */,
				5E24E6351E261F80004DCC18 /* SAPChaptersViewController.xib */,
			);
			path = SAPChaptersViewController;
			sourceTree = "<group>";
		};
		5E24E63A1E262348004DCC18 /* Models */ = {
			isa = PBXGroup;
			children = (
				5E24E63B1E262348004DCC18 /* ViewModels */,
			);
			path = Models;
			sourceTree = "<group>";
		};
		5E24E63B1E262348004DCC18 /* ViewModels */ = {
			isa = PBXGroup;
			children = (
				5E24E63C1E26236A004DCC18 /* SAPChaptersViewModel.swift */,
			);
			path = ViewModels;
			sourceTree = "<group>";
		};
		5E24E63E1E26262E004DCC18 /* Protocols */ = {
			isa = PBXGroup;
			children = (
				5E24E63F1E262641004DCC18 /* SAPViewModelDelegate.swift */,
			);
			path = Protocols;
			sourceTree = "<group>";
		};
/* End PBXGroup section */

/* Begin PBXNativeTarget section */
		5E24E60F1E261ED6004DCC18 /* FirebaseSwift */ = {
			isa = PBXNativeTarget;
			buildConfigurationList = 5E24E6221E261ED6004DCC18 /* Build configuration list for PBXNativeTarget "FirebaseSwift" */;
			buildPhases = (
				5E24E60C1E261ED6004DCC18 /* Sources */,
				5E24E60D1E261ED6004DCC18 /* Frameworks */,
				5E24E60E1E261ED6004DCC18 /* Resources */,
			);
			buildRules = (
			);
			dependencies = (
			);
			name = FirebaseSwift;
			productName = FirebaseSwift;
			productReference = 5E24E6101E261ED6004DCC18 /* FirebaseSwift.app */;
			productType = "com.apple.product-type.application";
		};
/* End PBXNativeTarget section */

/* Begin PBXProject section */
		5E24E6081E261ED6004DCC18 /* Project object */ = {
			isa = PBXProject;
			attributes = {
				LastSwiftUpdateCheck = 0820;
				LastUpgradeCheck = 0820;
				ORGANIZATIONNAME = SAP;
				TargetAttributes = {
					5E24E60F1E261ED6004DCC18 = {
						CreatedOnToolsVersion = 8.2.1;
						ProvisioningStyle = Automatic;
					};
				};
			};
			buildConfigurationList = 5E24E60B1E261ED6004DCC18 /* Build configuration list for PBXProject "FirebaseSwift" */;
			compatibilityVersion = "Xcode 3.2";
			developmentRegion = English;
			hasScannedForEncodings = 0;
			knownRegions = (
				en,
				Base,
			);
			mainGroup = 5E24E6071E261ED6004DCC18;
			productRefGroup = 5E24E6111E261ED6004DCC18 /* Products */;
			projectDirPath = "";
			projectRoot = "";
			targets = (
				5E24E60F1E261ED6004DCC18 /* FirebaseSwift */,
			);
		};
/* End PBXProject section */

/* Begin PBXResourcesBuildPhase section */
		5E24E60E1E261ED6004DCC18 /* Resources */ = {
			isa = PBXResourcesBuildPhase;
			buildActionMask = 2147483647;
			files = (
				5E24E61E1E261ED6004DCC18 /* LaunchScreen.storyboard in Resources */,
				5E24E61B1E261ED6004DCC18 /* Assets.xcassets in Resources */,
				5E24E6371E261F80004DCC18 /* SAPChaptersViewController.xib in Resources */,
			);
			runOnlyForDeploymentPostprocessing = 0;
		};
/* End PBXResourcesBuildPhase section */

/* Begin PBXSourcesBuildPhase section */
		5E24E60C1E261ED6004DCC18 /* Sources */ = {
			isa = PBXSourcesBuildPhase;
			buildActionMask = 2147483647;
			files = (
				5E24E6361E261F80004DCC18 /* SAPChaptersViewController.swift in Sources */,
				5E24E62E1E261F54004DCC18 /* UIWindow+SAPExtensions.swift in Sources */,
				5E24E62F1E261F54004DCC18 /* SAPAppDelegate.swift in Sources */,
				5E24E6401E262641004DCC18 /* SAPViewModelDelegate.swift in Sources */,
				5E24E63D1E26236A004DCC18 /* SAPChaptersViewModel.swift in Sources */,
			);
			runOnlyForDeploymentPostprocessing = 0;
		};
/* End PBXSourcesBuildPhase section */

/* Begin PBXVariantGroup section */
		5E24E61C1E261ED6004DCC18 /* LaunchScreen.storyboard */ = {
			isa = PBXVariantGroup;
			children = (
				5E24E61D1E261ED6004DCC18 /* Base */,
			);
			name = LaunchScreen.storyboard;
			sourceTree = "<group>";
		};
/* End PBXVariantGroup section */

/* Begin XCBuildConfiguration section */
		5E24E6201E261ED6004DCC18 /* Debug */ = {
			isa = XCBuildConfiguration;
			buildSettings = {
				ALWAYS_SEARCH_USER_PATHS = NO;
				CLANG_ANALYZER_NONNULL = YES;
				CLANG_CXX_LANGUAGE_STANDARD = "gnu++0x";
				CLANG_CXX_LIBRARY = "libc++";
				CLANG_ENABLE_MODULES = YES;
				CLANG_ENABLE_OBJC_ARC = YES;
				CLANG_WARN_BOOL_CONVERSION = YES;
				CLANG_WARN_CONSTANT_CONVERSION = YES;
				CLANG_WARN_DIRECT_OBJC_ISA_USAGE = YES_ERROR;
				CLANG_WARN_DOCUMENTATION_COMMENTS = YES;
				CLANG_WARN_EMPTY_BODY = YES;
				CLANG_WARN_ENUM_CONVERSION = YES;
				CLANG_WARN_INFINITE_RECURSION = YES;
				CLANG_WARN_INT_CONVERSION = YES;
				CLANG_WARN_OBJC_ROOT_CLASS = YES_ERROR;
				CLANG_WARN_SUSPICIOUS_MOVE = YES;
				CLANG_WARN_UNREACHABLE_CODE = YES;
				CLANG_WARN__DUPLICATE_METHOD_MATCH = YES;
				"CODE_SIGN_IDENTITY[sdk=iphoneos*]" = "iPhone Developer";
				COPY_PHASE_STRIP = NO;
				DEBUG_INFORMATION_FORMAT = dwarf;
				ENABLE_STRICT_OBJC_MSGSEND = YES;
				ENABLE_TESTABILITY = YES;
				GCC_C_LANGUAGE_STANDARD = gnu99;
				GCC_DYNAMIC_NO_PIC = NO;
				GCC_NO_COMMON_BLOCKS = YES;
				GCC_OPTIMIZATION_LEVEL = 0;
				GCC_PREPROCESSOR_DEFINITIONS = (
					"DEBUG=1",
					"$(inherited)",
				);
				GCC_WARN_64_TO_32_BIT_CONVERSION = YES;
				GCC_WARN_ABOUT_RETURN_TYPE = YES_ERROR;
				GCC_WARN_UNDECLARED_SELECTOR = YES;
				GCC_WARN_UNINITIALIZED_AUTOS = YES_AGGRESSIVE;
				GCC_WARN_UNUSED_FUNCTION = YES;
				GCC_WARN_UNUSED_VARIABLE = YES;
				IPHONEOS_DEPLOYMENT_TARGET = 10.2;
				MTL_ENABLE_DEBUG_INFO = YES;
				ONLY_ACTIVE_ARCH = YES;
				SDKROOT = iphoneos;
				SWIFT_ACTIVE_COMPILATION_CONDITIONS = DEBUG;
				SWIFT_OPTIMIZATION_LEVEL = "-Onone";
				TARGETED_DEVICE_FAMILY = "1,2";
			};
			name = Debug;
		};
		5E24E6211E261ED6004DCC18 /* Release */ = {
			isa = XCBuildConfiguration;
			buildSettings = {
				ALWAYS_SEARCH_USER_PATHS = NO;
				CLANG_ANALYZER_NONNULL = YES;
				CLANG_CXX_LANGUAGE_STANDARD = "gnu++0x";
				CLANG_CXX_LIBRARY = "libc++";
				CLANG_ENABLE_MODULES = YES;
				CLANG_ENABLE_OBJC_ARC = YES;
				CLANG_WARN_BOOL_CONVERSION = YES;
				CLANG_WARN_CONSTANT_CONVERSION = YES;
				CLANG_WARN_DIRECT_OBJC_ISA_USAGE = YES_ERROR;
				CLANG_WARN_DOCUMENTATION_COMMENTS = YES;
				CLANG_WARN_EMPTY_BODY = YES;
				CLANG_WARN_ENUM_CONVERSION = YES;
				CLANG_WARN_INFINITE_RECURSION = YES;
				CLANG_WARN_INT_CONVERSION = YES;
				CLANG_WARN_OBJC_ROOT_CLASS = YES_ERROR;
				CLANG_WARN_SUSPICIOUS_MOVE = YES;
				CLANG_WARN_UNREACHABLE_CODE = YES;
				CLANG_WARN__DUPLICATE_METHOD_MATCH = YES;
				"CODE_SIGN_IDENTITY[sdk=iphoneos*]" = "iPhone Developer";
				COPY_PHASE_STRIP = NO;
				DEBUG_INFORMATION_FORMAT = "dwarf-with-dsym";
				ENABLE_NS_ASSERTIONS = NO;
				ENABLE_STRICT_OBJC_MSGSEND = YES;
				GCC_C_LANGUAGE_STANDARD = gnu99;
				GCC_NO_COMMON_BLOCKS = YES;
				GCC_WARN_64_TO_32_BIT_CONVERSION = YES;
				GCC_WARN_ABOUT_RETURN_TYPE = YES_ERROR;
				GCC_WARN_UNDECLARED_SELECTOR = YES;
				GCC_WARN_UNINITIALIZED_AUTOS = YES_AGGRESSIVE;
				GCC_WARN_UNUSED_FUNCTION = YES;
				GCC_WARN_UNUSED_VARIABLE = YES;
				IPHONEOS_DEPLOYMENT_TARGET = 10.2;
				MTL_ENABLE_DEBUG_INFO = NO;
				SDKROOT = iphoneos;
				SWIFT_OPTIMIZATION_LEVEL = "-Owholemodule";
				TARGETED_DEVICE_FAMILY = "1,2";
				VALIDATE_PRODUCT = YES;
			};
			name = Release;
		};
		5E24E6231E261ED6004DCC18 /* Debug */ = {
			isa = XCBuildConfiguration;
			buildSettings = {
				ASSETCATALOG_COMPILER_APPICON_NAME = AppIcon;
				INFOPLIST_FILE = FirebaseSwift/Info.plist;
				LD_RUNPATH_SEARCH_PATHS = "$(inherited) @executable_path/Frameworks";
				PRODUCT_BUNDLE_IDENTIFIER = SAP.FirebaseSwift;
				PRODUCT_NAME = "$(TARGET_NAME)";
				SWIFT_VERSION = 3.0;
			};
			name = Debug;
		};
		5E24E6241E261ED6004DCC18 /* Release */ = {
			isa = XCBuildConfiguration;
			buildSettings = {
				ASSETCATALOG_COMPILER_APPICON_NAME = AppIcon;
				INFOPLIST_FILE = FirebaseSwift/Info.plist;
				LD_RUNPATH_SEARCH_PATHS = "$(inherited) @executable_path/Frameworks";
				PRODUCT_BUNDLE_IDENTIFIER = SAP.FirebaseSwift;
				PRODUCT_NAME = "$(TARGET_NAME)";
				SWIFT_VERSION = 3.0;
			};
			name = Release;
		};
/* End XCBuildConfiguration section */

/* Begin XCConfigurationList section */
		5E24E60B1E261ED6004DCC18 /* Build configuration list for PBXProject "FirebaseSwift" */ = {
			isa = XCConfigurationList;
			buildConfigurations = (
				5E24E6201E261ED6004DCC18 /* Debug */,
				5E24E6211E261ED6004DCC18 /* Release */,
			);
			defaultConfigurationIsVisible = 0;
			defaultConfigurationName = Release;
		};
		5E24E6221E261ED6004DCC18 /* Build configuration list for PBXNativeTarget "FirebaseSwift" */ = {
			isa = XCConfigurationList;
			buildConfigurations = (
				5E24E6231E261ED6004DCC18 /* Debug */,
				5E24E6241E261ED6004DCC18 /* Release */,
			);
			defaultConfigurationIsVisible = 0;
		};
/* End XCConfigurationList section */
	};
	rootObject = 5E24E6081E261ED6004DCC18 /* Project object */;
}
